
Microsoft Visual Studio Solution File, Format Version 12.00
Project("{FAE04EC0-301F-11D3-BF4B-00C04F79EFBC}") = "BBQ.Web", "FrontEnd\BBQ.Web\BBQ.Web.csproj", "{6815E0FB-CCF4-4CAB-B69E-57695F3BBFB3}"
EndProject
Project("{FAE04EC0-301F-11D3-BF4B-00C04F79EFBC}") = "BBQ.Services.ProductAPI", "Services\BBQ.Services.ProductAPI\BBQ.Services.ProductAPI.csproj", "{D7C5E3B9-7CE2-47E7-814A-A6604F1B7CA9}"
EndProject
Project("{FAE04EC0-301F-11D3-BF4B-00C04F79EFBC}") = "BBQ.Services.Identity", "Services\BBQ.Services.Identity\BBQ.Services.Identity.csproj", "{9C62B800-AA08-47B9-9203-E8649C3C71D9}"
EndProject
Project("{FAE04EC0-301F-11D3-BF4B-00C04F79EFBC}") = "ShoppingCartAPI", "Services\ShoppingCartAPI\ShoppingCartAPI.csproj", "{C3B9AEF1-A8BA-4255-B580-671D15148DAC}"
EndProject
Global
	GlobalSection(SolutionConfigurationPlatforms) = preSolution
		Debug|Any CPU = Debug|Any CPU
		Release|Any CPU = Release|Any CPU
	EndGlobalSection
	GlobalSection(ProjectConfigurationPlatforms) = postSolution
		{6815E0FB-CCF4-4CAB-B69E-57695F3BBFB3}.Debug|Any CPU.ActiveCfg = Debug|Any CPU
		{6815E0FB-CCF4-4CAB-B69E-57695F3BBFB3}.Debug|Any CPU.Build.0 = Debug|Any CPU
		{6815E0FB-CCF4-4CAB-B69E-57695F3BBFB3}.Release|Any CPU.ActiveCfg = Release|Any CPU
		{6815E0FB-CCF4-4CAB-B69E-57695F3BBFB3}.Release|Any CPU.Build.0 = Release|Any CPU
		{D7C5E3B9-7CE2-47E7-814A-A6604F1B7CA9}.Debug|Any CPU.ActiveCfg = Debug|Any CPU
		{D7C5E3B9-7CE2-47E7-814A-A6604F1B7CA9}.Debug|Any CPU.Build.0 = Debug|Any CPU
		{D7C5E3B9-7CE2-47E7-814A-A6604F1B7CA9}.Release|Any CPU.ActiveCfg = Release|Any CPU
		{D7C5E3B9-7CE2-47E7-814A-A6604F1B7CA9}.Release|Any CPU.Build.0 = Release|Any CPU
		{9C62B800-AA08-47B9-9203-E8649C3C71D9}.Debug|Any CPU.ActiveCfg = Debug|Any CPU
		{9C62B800-AA08-47B9-9203-E8649C3C71D9}.Debug|Any CPU.Build.0 = Debug|Any CPU
		{9C62B800-AA08-47B9-9203-E8649C3C71D9}.Release|Any CPU.ActiveCfg = Release|Any CPU
		{9C62B800-AA08-47B9-9203-E8649C3C71D9}.Release|Any CPU.Build.0 = Release|Any CPU
		{C3B9AEF1-A8BA-4255-B580-671D15148DAC}.Debug|Any CPU.ActiveCfg = Debug|Any CPU
		{C3B9AEF1-A8BA-4255-B580-671D15148DAC}.Debug|Any CPU.Build.0 = Debug|Any CPU
		{C3B9AEF1-A8BA-4255-B580-671D15148DAC}.Release|Any CPU.ActiveCfg = Release|Any CPU
		{C3B9AEF1-A8BA-4255-B580-671D15148DAC}.Release|Any CPU.Build.0 = Release|Any CPU
	EndGlobalSection
EndGlobal
