
Microsoft Visual Studio Solution File, Format Version 12.00
Project("{FAE04EC0-301F-11D3-BF4B-00C04F79EFBC}") = "BBQ.Web", "FrontEnd\BBQ.Web\BBQ.Web.csproj", "{6815E0FB-CCF4-4CAB-B69E-57695F3BBFB3}"
EndProject
Project("{FAE04EC0-301F-11D3-BF4B-00C04F79EFBC}") = "BBQ.Services.ProductAPI", "Services\BBQ.Services.ProductAPI\BBQ.Services.ProductAPI.csproj", "{D7C5E3B9-7CE2-47E7-814A-A6604F1B7CA9}"
EndProject
Project("{FAE04EC0-301F-11D3-BF4B-00C04F79EFBC}") = "BBQ.Services.Identity", "Services\BBQ.Services.Identity\BBQ.Services.Identity.csproj", "{9C62B800-AA08-47B9-9203-E8649C3C71D9}"
EndProject
Project("{FAE04EC0-301F-11D3-BF4B-00C04F79EFBC}") = "BBQ.Services.ShoppingCartAPI", "Services\BBQ.Services.ShoppingCartAPI\BBQ.Services.ShoppingCartAPI.csproj", "{AE554B76-B991-4C2D-B161-4C07B75ECA9D}"
EndProject
Project("{FAE04EC0-301F-11D3-BF4B-00C04F79EFBC}") = "BBQ.Services.CouponAPI", "Services\BBQ.Services.CouponAPI\BBQ.Services.CouponAPI.csproj", "{D3E15838-CF2B-4664-B707-BCF1CB4601C1}"
EndProject
Project("{FAE04EC0-301F-11D3-BF4B-00C04F79EFBC}") = "BBQ.Services.ProductAPI.Tests", "Services\BBQ.Services.ProductAPI.Tests\BBQ.Services.ProductAPI.Tests.csproj", "{E8129730-7324-4CC3-A60A-D7FFA7F6BB28}"
EndProject
Project("{FAE04EC0-301F-11D3-BF4B-00C04F79EFBC}") = "BBQ.WebTests", "FrontEnd\BBQ.WebTests\BBQ.WebTests.csproj", "{766FEB8C-E380-49C5-9891-B3495337C1A7}"
EndProject
Project("{FAE04EC0-301F-11D3-BF4B-00C04F79EFBC}") = "BBQ.Services.ShoppingCartAPI.Tests", "Services\BBQ.Services.ShoppingCartAPI.Tests\BBQ.Services.ShoppingCartAPI.Tests.csproj", "{EE5D2675-C9D8-4D44-8573-3BDB1F27946F}"
EndProject
Project("{FAE04EC0-301F-11D3-BF4B-00C04F79EFBC}") = "BBQ.Services.CouponAPI.Tests", "Services\BBQ.Services.CouponAPI.Tests\BBQ.Services.CouponAPI.Tests.csproj", "{055744F3-47E8-4D3F-9D68-A2370CFAC55F}"
EndProject
Project("{FAE04EC0-301F-11D3-BF4B-00C04F79EFBC}") = "BBQ.Services.Identity.Tests", "Services\BBQ.Services.Identity.Tests\BBQ.Services.Identity.Tests.csproj", "{DF3A8C6D-BEC3-4FCD-A72E-454C5E1EA825}"
EndProject
Project("{FAE04EC0-301F-11D3-BF4B-00C04F79EFBC}") = "BBQ.MessageBus", "Integration\BBQ.MessageBus\BBQ.MessageBus.csproj", "{D9DDE642-FB2B-43AC-A432-9819CF02A692}"
EndProject
Global
	GlobalSection(SolutionConfigurationPlatforms) = preSolution
		Debug|Any CPU = Debug|Any CPU
		Release|Any CPU = Release|Any CPU
	EndGlobalSection
	GlobalSection(ProjectConfigurationPlatforms) = postSolution
		{6815E0FB-CCF4-4CAB-B69E-57695F3BBFB3}.Debug|Any CPU.ActiveCfg = Debug|Any CPU
		{6815E0FB-CCF4-4CAB-B69E-57695F3BBFB3}.Debug|Any CPU.Build.0 = Debug|Any CPU
		{6815E0FB-CCF4-4CAB-B69E-57695F3BBFB3}.Release|Any CPU.ActiveCfg = Release|Any CPU
		{6815E0FB-CCF4-4CAB-B69E-57695F3BBFB3}.Release|Any CPU.Build.0 = Release|Any CPU
		{D7C5E3B9-7CE2-47E7-814A-A6604F1B7CA9}.Debug|Any CPU.ActiveCfg = Debug|Any CPU
		{D7C5E3B9-7CE2-47E7-814A-A6604F1B7CA9}.Debug|Any CPU.Build.0 = Debug|Any CPU
		{D7C5E3B9-7CE2-47E7-814A-A6604F1B7CA9}.Release|Any CPU.ActiveCfg = Release|Any CPU
		{D7C5E3B9-7CE2-47E7-814A-A6604F1B7CA9}.Release|Any CPU.Build.0 = Release|Any CPU
		{9C62B800-AA08-47B9-9203-E8649C3C71D9}.Debug|Any CPU.ActiveCfg = Debug|Any CPU
		{9C62B800-AA08-47B9-9203-E8649C3C71D9}.Debug|Any CPU.Build.0 = Debug|Any CPU
		{9C62B800-AA08-47B9-9203-E8649C3C71D9}.Release|Any CPU.ActiveCfg = Release|Any CPU
		{9C62B800-AA08-47B9-9203-E8649C3C71D9}.Release|Any CPU.Build.0 = Release|Any CPU
		{C3B9AEF1-A8BA-4255-B580-671D15148DAC}.Debug|Any CPU.ActiveCfg = Debug|Any CPU
		{C3B9AEF1-A8BA-4255-B580-671D15148DAC}.Debug|Any CPU.Build.0 = Debug|Any CPU
		{C3B9AEF1-A8BA-4255-B580-671D15148DAC}.Release|Any CPU.ActiveCfg = Release|Any CPU
		{C3B9AEF1-A8BA-4255-B580-671D15148DAC}.Release|Any CPU.Build.0 = Release|Any CPU
		{AE554B76-B991-4C2D-B161-4C07B75ECA9D}.Debug|Any CPU.ActiveCfg = Debug|Any CPU
		{AE554B76-B991-4C2D-B161-4C07B75ECA9D}.Debug|Any CPU.Build.0 = Debug|Any CPU
		{AE554B76-B991-4C2D-B161-4C07B75ECA9D}.Release|Any CPU.ActiveCfg = Release|Any CPU
		{AE554B76-B991-4C2D-B161-4C07B75ECA9D}.Release|Any CPU.Build.0 = Release|Any CPU
		{D3E15838-CF2B-4664-B707-BCF1CB4601C1}.Debug|Any CPU.ActiveCfg = Debug|Any CPU
		{D3E15838-CF2B-4664-B707-BCF1CB4601C1}.Debug|Any CPU.Build.0 = Debug|Any CPU
		{D3E15838-CF2B-4664-B707-BCF1CB4601C1}.Release|Any CPU.ActiveCfg = Release|Any CPU
		{D3E15838-CF2B-4664-B707-BCF1CB4601C1}.Release|Any CPU.Build.0 = Release|Any CPU
		{E8129730-7324-4CC3-A60A-D7FFA7F6BB28}.Debug|Any CPU.ActiveCfg = Debug|Any CPU
		{E8129730-7324-4CC3-A60A-D7FFA7F6BB28}.Debug|Any CPU.Build.0 = Debug|Any CPU
		{E8129730-7324-4CC3-A60A-D7FFA7F6BB28}.Release|Any CPU.ActiveCfg = Release|Any CPU
		{E8129730-7324-4CC3-A60A-D7FFA7F6BB28}.Release|Any CPU.Build.0 = Release|Any CPU
		{766FEB8C-E380-49C5-9891-B3495337C1A7}.Debug|Any CPU.ActiveCfg = Debug|Any CPU
		{766FEB8C-E380-49C5-9891-B3495337C1A7}.Debug|Any CPU.Build.0 = Debug|Any CPU
		{766FEB8C-E380-49C5-9891-B3495337C1A7}.Release|Any CPU.ActiveCfg = Release|Any CPU
		{766FEB8C-E380-49C5-9891-B3495337C1A7}.Release|Any CPU.Build.0 = Release|Any CPU
		{EE5D2675-C9D8-4D44-8573-3BDB1F27946F}.Debug|Any CPU.ActiveCfg = Debug|Any CPU
		{EE5D2675-C9D8-4D44-8573-3BDB1F27946F}.Debug|Any CPU.Build.0 = Debug|Any CPU
		{EE5D2675-C9D8-4D44-8573-3BDB1F27946F}.Release|Any CPU.ActiveCfg = Release|Any CPU
		{EE5D2675-C9D8-4D44-8573-3BDB1F27946F}.Release|Any CPU.Build.0 = Release|Any CPU
		{055744F3-47E8-4D3F-9D68-A2370CFAC55F}.Debug|Any CPU.ActiveCfg = Debug|Any CPU
		{055744F3-47E8-4D3F-9D68-A2370CFAC55F}.Debug|Any CPU.Build.0 = Debug|Any CPU
		{055744F3-47E8-4D3F-9D68-A2370CFAC55F}.Release|Any CPU.ActiveCfg = Release|Any CPU
		{055744F3-47E8-4D3F-9D68-A2370CFAC55F}.Release|Any CPU.Build.0 = Release|Any CPU
		{DF3A8C6D-BEC3-4FCD-A72E-454C5E1EA825}.Debug|Any CPU.ActiveCfg = Debug|Any CPU
		{DF3A8C6D-BEC3-4FCD-A72E-454C5E1EA825}.Debug|Any CPU.Build.0 = Debug|Any CPU
		{DF3A8C6D-BEC3-4FCD-A72E-454C5E1EA825}.Release|Any CPU.ActiveCfg = Release|Any CPU
		{DF3A8C6D-BEC3-4FCD-A72E-454C5E1EA825}.Release|Any CPU.Build.0 = Release|Any CPU
		{D9DDE642-FB2B-43AC-A432-9819CF02A692}.Debug|Any CPU.ActiveCfg = Debug|Any CPU
		{D9DDE642-FB2B-43AC-A432-9819CF02A692}.Debug|Any CPU.Build.0 = Debug|Any CPU
		{D9DDE642-FB2B-43AC-A432-9819CF02A692}.Release|Any CPU.ActiveCfg = Release|Any CPU
		{D9DDE642-FB2B-43AC-A432-9819CF02A692}.Release|Any CPU.Build.0 = Release|Any CPU
	EndGlobalSection
EndGlobal
